// !$*UTF8*$!
{
	archiveVersion = 1;
	classes = {
	};
	objectVersion = 46;
	objects = {

/* Begin PBXBuildFile section */
		DCE392F71A70BC22005D116C /* main.m in Sources */ = {isa = PBXBuildFile; fileRef = DCE392F61A70BC22005D116C /* main.m */; };
		DCE392FA1A70BC22005D116C /* AppDelegate.m in Sources */ = {isa = PBXBuildFile; fileRef = DCE392F91A70BC22005D116C /* AppDelegate.m */; };
		DCE392FD1A70BC22005D116C /* ViewController.m in Sources */ = {isa = PBXBuildFile; fileRef = DCE392FC1A70BC22005D116C /* ViewController.m */; };
		DCE393001A70BC22005D116C /* Main.storyboard in Resources */ = {isa = PBXBuildFile; fileRef = DCE392FE1A70BC22005D116C /* Main.storyboard */; };
		DCE393051A70BC22005D116C /* LaunchScreen.xib in Resources */ = {isa = PBXBuildFile; fileRef = DCE393031A70BC22005D116C /* LaunchScreen.xib */; };
		DCE393111A70BC23005D116C /* learnDemoTests.m in Sources */ = {isa = PBXBuildFile; fileRef = DCE393101A70BC23005D116C /* learnDemoTests.m */; };
		DCE3931C1A70BC3D005D116C /* Card.m in Sources */ = {isa = PBXBuildFile; fileRef = DCE3931B1A70BC3D005D116C /* Card.m */; };
		DCE3931F1A70BDE6005D116C /* Deck.m in Sources */ = {isa = PBXBuildFile; fileRef = DCE3931E1A70BDE6005D116C /* Deck.m */; };
		DCE393221A70C5BD005D116C /* PlayingCard.m in Sources */ = {isa = PBXBuildFile; fileRef = DCE393211A70C5BD005D116C /* PlayingCard.m */; };
		DCE393251A70CC4C005D116C /* PlayCardDeck.m in Sources */ = {isa = PBXBuildFile; fileRef = DCE393241A70CC4C005D116C /* PlayCardDeck.m */; };
		DCE393371A70DCF4005D116C /* Images.xcassets in Resources */ = {isa = PBXBuildFile; fileRef = DCE393361A70DCF4005D116C /* Images.xcassets */; };
/* End PBXBuildFile section */

/* Begin PBXContainerItemProxy section */
		DCE3930B1A70BC23005D116C /* PBXContainerItemProxy */ = {
			isa = PBXContainerItemProxy;
			containerPortal = DCE392E91A70BC22005D116C /* Project object */;
			proxyType = 1;
			remoteGlobalIDString = DCE392F01A70BC22005D116C;
			remoteInfo = learnDemo;
		};
/* End PBXContainerItemProxy section */

/* Begin PBXFileReference section */
		DCE392F11A70BC22005D116C /* learnDemo.app */ = {isa = PBXFileReference; explicitFileType = wrapper.application; includeInIndex = 0; path = learnDemo.app; sourceTree = BUILT_PRODUCTS_DIR; };
		DCE392F51A70BC22005D116C /* Info.plist */ = {isa = PBXFileReference; lastKnownFileType = text.plist.xml; path = Info.plist; sourceTree = "<group>"; };
		DCE392F61A70BC22005D116C /* main.m */ = {isa = PBXFileReference; lastKnownFileType = sourcecode.c.objc; path = main.m; sourceTree = "<group>"; };
		DCE392F81A70BC22005D116C /* AppDelegate.h */ = {isa = PBXFileReference; lastKnownFileType = sourcecode.c.h; path = AppDelegate.h; sourceTree = "<group>"; };
		DCE392F91A70BC22005D116C /* AppDelegate.m */ = {isa = PBXFileReference; lastKnownFileType = sourcecode.c.objc; path = AppDelegate.m; sourceTree = "<group>"; };
		DCE392FB1A70BC22005D116C /* ViewController.h */ = {isa = PBXFileReference; lastKnownFileType = sourcecode.c.h; path = ViewController.h; sourceTree = "<group>"; };
		DCE392FC1A70BC22005D116C /* ViewController.m */ = {isa = PBXFileReference; lastKnownFileType = sourcecode.c.objc; path = ViewController.m; sourceTree = "<group>"; };
		DCE392FF1A70BC22005D116C /* Base */ = {isa = PBXFileReference; lastKnownFileType = file.storyboard; name = Base; path = Base.lproj/Main.storyboard; sourceTree = "<group>"; };
		DCE393041A70BC22005D116C /* Base */ = {isa = PBXFileReference; lastKnownFileType = file.xib; name = Base; path = Base.lproj/LaunchScreen.xib; sourceTree = "<group>"; };
		DCE3930A1A70BC23005D116C /* learnDemoTests.xctest */ = {isa = PBXFileReference; explicitFileType = wrapper.cfbundle; includeInIndex = 0; path = learnDemoTests.xctest; sourceTree = BUILT_PRODUCTS_DIR; };
		DCE3930F1A70BC23005D116C /* Info.plist */ = {isa = PBXFileReference; lastKnownFileType = text.plist.xml; path = Info.plist; sourceTree = "<group>"; };
		DCE393101A70BC23005D116C /* learnDemoTests.m */ = {isa = PBXFileReference; lastKnownFileType = sourcecode.c.objc; path = learnDemoTests.m; sourceTree = "<group>"; };
		DCE3931A1A70BC3D005D116C /* Card.h */ = {isa = PBXFileReference; fileEncoding = 4; lastKnownFileType = sourcecode.c.h; path = Card.h; sourceTree = "<group>"; };
		DCE3931B1A70BC3D005D116C /* Card.m */ = {isa = PBXFileReference; fileEncoding = 4; lastKnownFileType = sourcecode.c.objc; path = Card.m; sourceTree = "<group>"; };
		DCE3931D1A70BDE6005D116C /* Deck.h */ = {isa = PBXFileReference; fileEncoding = 4; lastKnownFileType = sourcecode.c.h; path = Deck.h; sourceTree = "<group>"; };
		DCE3931E1A70BDE6005D116C /* Deck.m */ = {isa = PBXFileReference; fileEncoding = 4; lastKnownFileType = sourcecode.c.objc; path = Deck.m; sourceTree = "<group>"; };
		DCE393201A70C5BD005D116C /* PlayingCard.h */ = {isa = PBXFileReference; fileEncoding = 4; lastKnownFileType = sourcecode.c.h; path = PlayingCard.h; sourceTree = "<group>"; };
		DCE393211A70C5BD005D116C /* PlayingCard.m */ = {isa = PBXFileReference; fileEncoding = 4; lastKnownFileType = sourcecode.c.objc; path = PlayingCard.m; sourceTree = "<group>"; };
		DCE393231A70CC4C005D116C /* PlayCardDeck.h */ = {isa = PBXFileReference; fileEncoding = 4; lastKnownFileType = sourcecode.c.h; path = PlayCardDeck.h; sourceTree = "<group>"; };
		DCE393241A70CC4C005D116C /* PlayCardDeck.m */ = {isa = PBXFileReference; fileEncoding = 4; lastKnownFileType = sourcecode.c.objc; path = PlayCardDeck.m; sourceTree = "<group>"; };
		DCE393361A70DCF4005D116C /* Images.xcassets */ = {isa = PBXFileReference; lastKnownFileType = folder.assetcatalog; path = Images.xcassets; sourceTree = "<group>"; };
/* End PBXFileReference section */

/* Begin PBXFrameworksBuildPhase section */
		DCE392EE1A70BC22005D116C /* Frameworks */ = {
			isa = PBXFrameworksBuildPhase;
			buildActionMask = 2147483647;
			files = (
			);
			runOnlyForDeploymentPostprocessing = 0;
		};
		DCE393071A70BC23005D116C /* Frameworks */ = {
			isa = PBXFrameworksBuildPhase;
			buildActionMask = 2147483647;
			files = (
			);
			runOnlyForDeploymentPostprocessing = 0;
		};
/* End PBXFrameworksBuildPhase section */

/* Begin PBXGroup section */
		DCE392E81A70BC22005D116C = {
			isa = PBXGroup;
			children = (
				DCE3931A1A70BC3D005D116C /* Card.h */,
				DCE3931B1A70BC3D005D116C /* Card.m */,
				DCE3931D1A70BDE6005D116C /* Deck.h */,
				DCE3931E1A70BDE6005D116C /* Deck.m */,
				DCE393201A70C5BD005D116C /* PlayingCard.h */,
				DCE393211A70C5BD005D116C /* PlayingCard.m */,
				DCE393231A70CC4C005D116C /* PlayCardDeck.h */,
				DCE393241A70CC4C005D116C /* PlayCardDeck.m */,
				DCE392F31A70BC22005D116C /* learnDemo */,
				DCE3930D1A70BC23005D116C /* learnDemoTests */,
				DCE392F21A70BC22005D116C /* Products */,
			);
			sourceTree = "<group>";
		};
		DCE392F21A70BC22005D116C /* Products */ = {
			isa = PBXGroup;
			children = (
				DCE392F11A70BC22005D116C /* learnDemo.app */,
				DCE3930A1A70BC23005D116C /* learnDemoTests.xctest */,
			);
			name = Products;
			sourceTree = "<group>";
		};
		DCE392F31A70BC22005D116C /* learnDemo */ = {
			isa = PBXGroup;
			children = (
				DCE392F81A70BC22005D116C /* AppDelegate.h */,
				DCE392F91A70BC22005D116C /* AppDelegate.m */,
				DCE392FB1A70BC22005D116C /* ViewController.h */,
				DCE392FC1A70BC22005D116C /* ViewController.m */,
				DCE392FE1A70BC22005D116C /* Main.storyboard */,
				DCE393361A70DCF4005D116C /* Images.xcassets */,
				DCE393031A70BC22005D116C /* LaunchScreen.xib */,
				DCE392F41A70BC22005D116C /* Supporting Files */,
			);
			path = learnDemo;
			sourceTree = "<group>";
		};
		DCE392F41A70BC22005D116C /* Supporting Files */ = {
			isa = PBXGroup;
			children = (
				DCE392F51A70BC22005D116C /* Info.plist */,
				DCE392F61A70BC22005D116C /* main.m */,
			);
			name = "Supporting Files";
			sourceTree = "<group>";
		};
		DCE3930D1A70BC23005D116C /* learnDemoTests */ = {
			isa = PBXGroup;
			children = (
				DCE393101A70BC23005D116C /* learnDemoTests.m */,
				DCE3930E1A70BC23005D116C /* Supporting Files */,
			);
			path = learnDemoTests;
			sourceTree = "<group>";
		};
		DCE3930E1A70BC23005D116C /* Supporting Files */ = {
			isa = PBXGroup;
			children = (
				DCE3930F1A70BC23005D116C /* Info.plist */,
			);
			name = "Supporting Files";
			sourceTree = "<group>";
		};
/* End PBXGroup section */

/* Begin PBXNativeTarget section */
		DCE392F01A70BC22005D116C /* learnDemo */ = {
			isa = PBXNativeTarget;
			buildConfigurationList = DCE393141A70BC23005D116C /* Build configuration list for PBXNativeTarget "learnDemo" */;
			buildPhases = (
				DCE392ED1A70BC22005D116C /* Sources */,
				DCE392EE1A70BC22005D116C /* Frameworks */,
				DCE392EF1A70BC22005D116C /* Resources */,
			);
			buildRules = (
			);
			dependencies = (
			);
			name = learnDemo;
			productName = learnDemo;
			productReference = DCE392F11A70BC22005D116C /* learnDemo.app */;
			productType = "com.apple.product-type.application";
		};
		DCE393091A70BC23005D116C /* learnDemoTests */ = {
			isa = PBXNativeTarget;
			buildConfigurationList = DCE393171A70BC23005D116C /* Build configuration list for PBXNativeTarget "learnDemoTests" */;
			buildPhases = (
				DCE393061A70BC23005D116C /* Sources */,
				DCE393071A70BC23005D116C /* Frameworks */,
				DCE393081A70BC23005D116C /* Resources */,
			);
			buildRules = (
			);
			dependencies = (
				DCE3930C1A70BC23005D116C /* PBXTargetDependency */,
			);
			name = learnDemoTests;
			productName = learnDemoTests;
			productReference = DCE3930A1A70BC23005D116C /* learnDemoTests.xctest */;
			productType = "com.apple.product-type.bundle.unit-test";
		};
/* End PBXNativeTarget section */

/* Begin PBXProject section */
		DCE392E91A70BC22005D116C /* Project object */ = {
			isa = PBXProject;
			attributes = {
				LastUpgradeCheck = 0610;
				ORGANIZATIONNAME = "Leiyou Who";
				TargetAttributes = {
					DCE392F01A70BC22005D116C = {
						CreatedOnToolsVersion = 6.1.1;
					};
					DCE393091A70BC23005D116C = {
						CreatedOnToolsVersion = 6.1.1;
						TestTargetID = DCE392F01A70BC22005D116C;
					};
				};
			};
			buildConfigurationList = DCE392EC1A70BC22005D116C /* Build configuration list for PBXProject "learnDemo" */;
			compatibilityVersion = "Xcode 3.2";
			developmentRegion = English;
			hasScannedForEncodings = 0;
			knownRegions = (
				en,
				Base,
			);
			mainGroup = DCE392E81A70BC22005D116C;
			productRefGroup = DCE392F21A70BC22005D116C /* Products */;
			projectDirPath = "";
			projectRoot = "";
			targets = (
				DCE392F01A70BC22005D116C /* learnDemo */,
				DCE393091A70BC23005D116C /* learnDemoTests */,
			);
		};
/* End PBXProject section */

/* Begin PBXResourcesBuildPhase section */
		DCE392EF1A70BC22005D116C /* Resources */ = {
			isa = PBXResourcesBuildPhase;
			buildActionMask = 2147483647;
			files = (
				DCE393371A70DCF4005D116C /* Images.xcassets in Resources */,
				DCE393001A70BC22005D116C /* Main.storyboard in Resources */,
				DCE393051A70BC22005D116C /* LaunchScreen.xib in Resources */,
			);
			runOnlyForDeploymentPostprocessing = 0;
		};
		DCE393081A70BC23005D116C /* Resources */ = {
			isa = PBXResourcesBuildPhase;
			buildActionMask = 2147483647;
			files = (
			);
			runOnlyForDeploymentPostprocessing = 0;
		};
/* End PBXResourcesBuildPhase section */

/* Begin PBXSourcesBuildPhase section */
		DCE392ED1A70BC22005D116C /* Sources */ = {
			isa = PBXSourcesBuildPhase;
			buildActionMask = 2147483647;
			files = (
				DCE393221A70C5BD005D116C /* PlayingCard.m in Sources */,
				DCE3931F1A70BDE6005D116C /* Deck.m in Sources */,
				DCE392FD1A70BC22005D116C /* ViewController.m in Sources */,
				DCE393251A70CC4C005D116C /* PlayCardDeck.m in Sources */,
				DCE392FA1A70BC22005D116C /* AppDelegate.m in Sources */,
				DCE392F71A70BC22005D116C /* main.m in Sources */,
				DCE3931C1A70BC3D005D116C /* Card.m in Sources */,
			);
			runOnlyForDeploymentPostprocessing = 0;
		};
		DCE393061A70BC23005D116C /* Sources */ = {
			isa = PBXSourcesBuildPhase;
			buildActionMask = 2147483647;
			files = (
				DCE393111A70BC23005D116C /* learnDemoTests.m in Sources */,
			);
			runOnlyForDeploymentPostprocessing = 0;
		};
/* End PBXSourcesBuildPhase section */

/* Begin PBXTargetDependency section */
		DCE3930C1A70BC23005D116C /* PBXTargetDependency */ = {
			isa = PBXTargetDependency;
			target = DCE392F01A70BC22005D116C /* learnDemo */;
			targetProxy = DCE3930B1A70BC23005D116C /* PBXContainerItemProxy */;
		};
/* End PBXTargetDependency section */

/* Begin PBXVariantGroup section */
		DCE392FE1A70BC22005D116C /* Main.storyboard */ = {
			isa = PBXVariantGroup;
			children = (
				DCE392FF1A70BC22005D116C /* Base */,
			);
			name = Main.storyboard;
			sourceTree = "<group>";
		};
		DCE393031A70BC22005D116C /* LaunchScreen.xib */ = {
			isa = PBXVariantGroup;
			children = (
				DCE393041A70BC22005D116C /* Base */,
			);
			name = LaunchScreen.xib;
			sourceTree = "<group>";
		};
/* End PBXVariantGroup section */

/* Begin XCBuildConfiguration section */
		DCE393121A70BC23005D116C /* Debug */ = {
			isa = XCBuildConfiguration;
			buildSettings = {
				ALWAYS_SEARCH_USER_PATHS = NO;
				CLANG_CXX_LANGUAGE_STANDARD = "gnu++0x";
				CLANG_CXX_LIBRARY = "libc++";
				CLANG_ENABLE_MODULES = YES;
				CLANG_ENABLE_OBJC_ARC = YES;
				CLANG_WARN_BOOL_CONVERSION = YES;
				CLANG_WARN_CONSTANT_CONVERSION = YES;
				CLANG_WARN_DIRECT_OBJC_ISA_USAGE = YES_ERROR;
				CLANG_WARN_EMPTY_BODY = YES;
				CLANG_WARN_ENUM_CONVERSION = YES;
				CLANG_WARN_INT_CONVERSION = YES;
				CLANG_WARN_OBJC_ROOT_CLASS = YES_ERROR;
				CLANG_WARN_UNREACHABLE_CODE = YES;
				CLANG_WARN__DUPLICATE_METHOD_MATCH = YES;
				"CODE_SIGN_IDENTITY[sdk=iphoneos*]" = "iPhone Developer";
				COPY_PHASE_STRIP = NO;
				ENABLE_STRICT_OBJC_MSGSEND = YES;
				GCC_C_LANGUAGE_STANDARD = gnu99;
				GCC_DYNAMIC_NO_PIC = NO;
				GCC_OPTIMIZATION_LEVEL = 0;
				GCC_PREPROCESSOR_DEFINITIONS = (
					"DEBUG=1",
					"$(inherited)",
				);
				GCC_SYMBOLS_PRIVATE_EXTERN = NO;
				GCC_WARN_64_TO_32_BIT_CONVERSION = YES;
				GCC_WARN_ABOUT_RETURN_TYPE = YES_ERROR;
				GCC_WARN_UNDECLARED_SELECTOR = YES;
				GCC_WARN_UNINITIALIZED_AUTOS = YES_AGGRESSIVE;
				GCC_WARN_UNUSED_FUNCTION = YES;
				GCC_WARN_UNUSED_VARIABLE = YES;
				IPHONEOS_DEPLOYMENT_TARGET = 8.1;
				MTL_ENABLE_DEBUG_INFO = YES;
				ONLY_ACTIVE_ARCH = YES;
				SDKROOT = iphoneos;
			};
			name = Debug;
		};
		DCE393131A70BC23005D116C /* Release */ = {
			isa = XCBuildConfiguration;
			buildSettings = {
				ALWAYS_SEARCH_USER_PATHS = NO;
				CLANG_CXX_LANGUAGE_STANDARD = "gnu++0x";
				CLANG_CXX_LIBRARY = "libc++";
				CLANG_ENABLE_MODULES = YES;
				CLANG_ENABLE_OBJC_ARC = YES;
				CLANG_WARN_BOOL_CONVERSION = YES;
				CLANG_WARN_CONSTANT_CONVERSION = YES;
				CLANG_WARN_DIRECT_OBJC_ISA_USAGE = YES_ERROR;
				CLANG_WARN_EMPTY_BODY = YES;
				CLANG_WARN_ENUM_CONVERSION = YES;
				CLANG_WARN_INT_CONVERSION = YES;
				CLANG_WARN_OBJC_ROOT_CLASS = YES_ERROR;
				CLANG_WARN_UNREACHABLE_CODE = YES;
				CLANG_WARN__DUPLICATE_METHOD_MATCH = YES;
				"CODE_SIGN_IDENTITY[sdk=iphoneos*]" = "iPhone Developer";
				COPY_PHASE_STRIP = YES;
				ENABLE_NS_ASSERTIONS = NO;
				ENABLE_STRICT_OBJC_MSGSEND = YES;
				GCC_C_LANGUAGE_STANDARD = gnu99;
				GCC_WARN_64_TO_32_BIT_CONVERSION = YES;
				GCC_WARN_ABOUT_RETURN_TYPE = YES_ERROR;
				GCC_WARN_UNDECLARED_SELECTOR = YES;
				GCC_WARN_UNINITIALIZED_AUTOS = YES_AGGRESSIVE;
				GCC_WARN_UNUSED_FUNCTION = YES;
				GCC_WARN_UNUSED_VARIABLE = YES;
				IPHONEOS_DEPLOYMENT_TARGET = 8.1;
				MTL_ENABLE_DEBUG_INFO = NO;
				SDKROOT = iphoneos;
				VALIDATE_PRODUCT = YES;
			};
			name = Release;
		};
		DCE393151A70BC23005D116C /* Debug */ = {
			isa = XCBuildConfiguration;
			buildSettings = {
				ASSETCATALOG_COMPILER_APPICON_NAME = AppIcon;
				INFOPLIST_FILE = learnDemo/Info.plist;
				LD_RUNPATH_SEARCH_PATHS = "$(inherited) @executable_path/Frameworks";
				PRODUCT_NAME = "$(TARGET_NAME)";
			};
			name = Debug;
		};
		DCE393161A70BC23005D116C /* Release */ = {
			isa = XCBuildConfiguration;
			buildSettings = {
				ASSETCATALOG_COMPILER_APPICON_NAME = AppIcon;
				INFOPLIST_FILE = learnDemo/Info.plist;
				LD_RUNPATH_SEARCH_PATHS = "$(inherited) @executable_path/Frameworks";
				PRODUCT_NAME = "$(TARGET_NAME)";
			};
			name = Release;
		};
		DCE393181A70BC23005D116C /* Debug */ = {
			isa = XCBuildConfiguration;
			buildSettings = {
				BUNDLE_LOADER = "$(TEST_HOST)";
				FRAMEWORK_SEARCH_PATHS = (
					"$(SDKROOT)/Developer/Library/Frameworks",
					"$(inherited)",
				);
				GCC_PREPROCESSOR_DEFINITIONS = (
					"DEBUG=1",
					"$(inherited)",
				);
				INFOPLIST_FILE = learnDemoTests/Info.plist;
				LD_RUNPATH_SEARCH_PATHS = "$(inherited) @executable_path/Frameworks @loader_path/Frameworks";
				PRODUCT_NAME = "$(TARGET_NAME)";
				TEST_HOST = "$(BUILT_PRODUCTS_DIR)/learnDemo.app/learnDemo";
			};
			name = Debug;
		};
		DCE393191A70BC23005D116C /* Release */ = {
			isa = XCBuildConfiguration;
			buildSettings = {
				BUNDLE_LOADER = "$(TEST_HOST)";
				FRAMEWORK_SEARCH_PATHS = (
					"$(SDKROOT)/Developer/Library/Frameworks",
					"$(inherited)",
				);
				INFOPLIST_FILE = learnDemoTests/Info.plist;
				LD_RUNPATH_SEARCH_PATHS = "$(inherited) @executable_path/Frameworks @loader_path/Frameworks";
				PRODUCT_NAME = "$(TARGET_NAME)";
				TEST_HOST = "$(BUILT_PRODUCTS_DIR)/learnDemo.app/learnDemo";
			};
			name = Release;
		};
/* End XCBuildConfiguration section */

/* Begin XCConfigurationList section */
		DCE392EC1A70BC22005D116C /* Build configuration list for PBXProject "learnDemo" */ = {
			isa = XCConfigurationList;
			buildConfigurations = (
				DCE393121A70BC23005D116C /* Debug */,
				DCE393131A70BC23005D116C /* Release */,
			);
			defaultConfigurationIsVisible = 0;
			defaultConfigurationName = Release;
		};
		DCE393141A70BC23005D116C /* Build configuration list for PBXNativeTarget "learnDemo" */ = {
			isa = XCConfigurationList;
			buildConfigurations = (
				DCE393151A70BC23005D116C /* Debug */,
				DCE393161A70BC23005D116C /* Release */,
			);
			defaultConfigurationIsVisible = 0;
		};
		DCE393171A70BC23005D116C /* Build configuration list for PBXNativeTarget "learnDemoTests" */ = {
			isa = XCConfigurationList;
			buildConfigurations = (
				DCE393181A70BC23005D116C /* Debug */,
				DCE393191A70BC23005D116C /* Release */,
			);
			defaultConfigurationIsVisible = 0;
		};
/* End XCConfigurationList section */
	};
	rootObject = DCE392E91A70BC22005D116C /* Project object */;
}
